{
    "name": "new2023",
    "version": "19.9.3",
    "lockfileVersion": 2,
    "requires": true,
    "packages": {
        "": {
            "name": "new2023",
            "version": "19.9.3",
            "license": "SEE LICENSE IN LICENSE.md",
            "engines": {
                "node": ">=16"
            }
        }
    }
}
